github.com/go-sql-driver/mysql v1.7.1 h1:lUIinVbN1DY0xBg0eMOzmmtGoHwWBbvnWubQUrtU8EI=
github.com/go-sql-driver/mysql v1.7.1/go.mod h1:OXbVy3sEdcQ2Doequ6Z5BW6fXNQTmx+9S1MCJN5yJMI=
github.com/msn2edson/area v0.0.0-20230917164755-133c5313064a h1:9WrFz7WDgvVn53K69Tg0kFV1nfOcoiie9QBmWh3p/70=
github.com/msn2edson/area v0.0.0-20230917164755-133c5313064a/go.mod h1:9bdt44rRbNHFSXFkDYchpeq2wv77/vQRJfmYf5N1gUk=
github.com/msn2edson/goarea v0.0.0-20230904090710-c12a9219868c h1:IBQlbWQ0hk6jd8qG+DmRFBKgX0z0tigerUWPM8K2d6s=
github.com/msn2edson/goarea v0.0.0-20230904090710-c12a9219868c/go.mod h1:DUWCxr6OOisrMazHGzfm5gBEEFeS3BLBJtCJjY866NU=
github.com/msn2edson/html v0.0.0-20230917164451-4bd479dda6e0 h1:L44tLT/GIt7gOurHo8uORdU4Z7vf92BhAh6X0duWd7Q=
github.com/msn2edson/html v0.0.0-20230917164451-4bd479dda6e0/go.mod h1:Vq1ZyHvBrxBqrUGqoy72eGq8sEtJjzIdss7KIXs593I=
